// !$*UTF8*$!
{
	archiveVersion = 1;
	classes = {
	};
	objectVersion = 50;
	objects = {

/* Begin PBXBuildFile section */
		6B91A49424DC5CC1006E6426 /* AppDelegate.swift in Sources */ = {isa = PBXBuildFile; fileRef = 6B91A49324DC5CC1006E6426 /* AppDelegate.swift */; };
		6B91A49624DC5CC1006E6426 /* SceneDelegate.swift in Sources */ = {isa = PBXBuildFile; fileRef = 6B91A49524DC5CC1006E6426 /* SceneDelegate.swift */; };
		6B91A49824DC5CC1006E6426 /* ViewController.swift in Sources */ = {isa = PBXBuildFile; fileRef = 6B91A49724DC5CC1006E6426 /* ViewController.swift */; };
		6B91A49B24DC5CC1006E6426 /* Main.storyboard in Resources */ = {isa = PBXBuildFile; fileRef = 6B91A49924DC5CC1006E6426 /* Main.storyboard */; };
		6B91A49D24DC5CC2006E6426 /* Assets.xcassets in Resources */ = {isa = PBXBuildFile; fileRef = 6B91A49C24DC5CC2006E6426 /* Assets.xcassets */; };
		6B91A4A024DC5CC2006E6426 /* LaunchScreen.storyboard in Resources */ = {isa = PBXBuildFile; fileRef = 6B91A49E24DC5CC2006E6426 /* LaunchScreen.storyboard */; };
		6B91A4AB24DC5CC3006E6426 /* Jalen_T_tabExerciseTests.swift in Sources */ = {isa = PBXBuildFile; fileRef = 6B91A4AA24DC5CC3006E6426 /* Jalen_T_tabExerciseTests.swift */; };
		6B91A4B624DC5CC3006E6426 /* Jalen_T_tabExerciseUITests.swift in Sources */ = {isa = PBXBuildFile; fileRef = 6B91A4B524DC5CC3006E6426 /* Jalen_T_tabExerciseUITests.swift */; };
		6B91A4C424DC63A5006E6426 /* b5a92523244f9c6a727ba7e47ce2a4eac8ef675156a9b48081838aea5b9a14c8_1.jpg in Resources */ = {isa = PBXBuildFile; fileRef = 6B91A4C324DC63A5006E6426 /* b5a92523244f9c6a727ba7e47ce2a4eac8ef675156a9b48081838aea5b9a14c8_1.jpg */; };
		6B91A4C624DC63AD006E6426 /* t9o63fwiwq741.jpg in Resources */ = {isa = PBXBuildFile; fileRef = 6B91A4C524DC63AD006E6426 /* t9o63fwiwq741.jpg */; };
		6B91A4C824DC63E2006E6426 /* 3nS1AsBUpjD2nmhQqgRwQfozxPGPw8NgoZdMNm1iyzc.png.jpeg in Resources */ = {isa = PBXBuildFile; fileRef = 6B91A4C724DC63E2006E6426 /* 3nS1AsBUpjD2nmhQqgRwQfozxPGPw8NgoZdMNm1iyzc.png.jpeg */; };
/* End PBXBuildFile section */

/* Begin PBXContainerItemProxy section */
		6B91A4A724DC5CC3006E6426 /* PBXContainerItemProxy */ = {
			isa = PBXContainerItemProxy;
			containerPortal = 6B91A48824DC5CC1006E6426 /* Project object */;
			proxyType = 1;
			remoteGlobalIDString = 6B91A48F24DC5CC1006E6426;
			remoteInfo = Jalen_T_tabExercise;
		};
		6B91A4B224DC5CC3006E6426 /* PBXContainerItemProxy */ = {
			isa = PBXContainerItemProxy;
			containerPortal = 6B91A48824DC5CC1006E6426 /* Project object */;
			proxyType = 1;
			remoteGlobalIDString = 6B91A48F24DC5CC1006E6426;
			remoteInfo = Jalen_T_tabExercise;
		};
/* End PBXContainerItemProxy section */

/* Begin PBXFileReference section */
		6B91A49024DC5CC1006E6426 /* Jalen_T_tabExercise.app */ = {isa = PBXFileReference; explicitFileType = wrapper.application; includeInIndex = 0; path = Jalen_T_tabExercise.app; sourceTree = BUILT_PRODUCTS_DIR; };
		6B91A49324DC5CC1006E6426 /* AppDelegate.swift */ = {isa = PBXFileReference; lastKnownFileType = sourcecode.swift; path = AppDelegate.swift; sourceTree = "<group>"; };
		6B91A49524DC5CC1006E6426 /* SceneDelegate.swift */ = {isa = PBXFileReference; lastKnownFileType = sourcecode.swift; path = SceneDelegate.swift; sourceTree = "<group>"; };
		6B91A49724DC5CC1006E6426 /* ViewController.swift */ = {isa = PBXFileReference; lastKnownFileType = sourcecode.swift; path = ViewController.swift; sourceTree = "<group>"; };
		6B91A49A24DC5CC1006E6426 /* Base */ = {isa = PBXFileReference; lastKnownFileType = file.storyboard; name = Base; path = Base.lproj/Main.storyboard; sourceTree = "<group>"; };
		6B91A49C24DC5CC2006E6426 /* Assets.xcassets */ = {isa = PBXFileReference; lastKnownFileType = folder.assetcatalog; path = Assets.xcassets; sourceTree = "<group>"; };
		6B91A49F24DC5CC2006E6426 /* Base */ = {isa = PBXFileReference; lastKnownFileType = file.storyboard; name = Base; path = Base.lproj/LaunchScreen.storyboard; sourceTree = "<group>"; };
		6B91A4A124DC5CC2006E6426 /* Info.plist */ = {isa = PBXFileReference; lastKnownFileType = text.plist.xml; path = Info.plist; sourceTree = "<group>"; };
		6B91A4A624DC5CC3006E6426 /* Jalen_T_tabExerciseTests.xctest */ = {isa = PBXFileReference; explicitFileType = wrapper.cfbundle; includeInIndex = 0; path = Jalen_T_tabExerciseTests.xctest; sourceTree = BUILT_PRODUCTS_DIR; };
		6B91A4AA24DC5CC3006E6426 /* Jalen_T_tabExerciseTests.swift */ = {isa = PBXFileReference; lastKnownFileType = sourcecode.swift; path = Jalen_T_tabExerciseTests.swift; sourceTree = "<group>"; };
		6B91A4AC24DC5CC3006E6426 /* Info.plist */ = {isa = PBXFileReference; lastKnownFileType = text.plist.xml; path = Info.plist; sourceTree = "<group>"; };
		6B91A4B124DC5CC3006E6426 /* Jalen_T_tabExerciseUITests.xctest */ = {isa = PBXFileReference; explicitFileType = wrapper.cfbundle; includeInIndex = 0; path = Jalen_T_tabExerciseUITests.xctest; sourceTree = BUILT_PRODUCTS_DIR; };
		6B91A4B524DC5CC3006E6426 /* Jalen_T_tabExerciseUITests.swift */ = {isa = PBXFileReference; lastKnownFileType = sourcecode.swift; path = Jalen_T_tabExerciseUITests.swift; sourceTree = "<group>"; };
		6B91A4B724DC5CC3006E6426 /* Info.plist */ = {isa = PBXFileReference; lastKnownFileType = text.plist.xml; path = Info.plist; sourceTree = "<group>"; };
		6B91A4C324DC63A5006E6426 /* b5a92523244f9c6a727ba7e47ce2a4eac8ef675156a9b48081838aea5b9a14c8_1.jpg */ = {isa = PBXFileReference; lastKnownFileType = image.jpeg; path = b5a92523244f9c6a727ba7e47ce2a4eac8ef675156a9b48081838aea5b9a14c8_1.jpg; sourceTree = "<group>"; };
		6B91A4C524DC63AD006E6426 /* t9o63fwiwq741.jpg */ = {isa = PBXFileReference; lastKnownFileType = image.jpeg; path = t9o63fwiwq741.jpg; sourceTree = "<group>"; };
		6B91A4C724DC63E2006E6426 /* 3nS1AsBUpjD2nmhQqgRwQfozxPGPw8NgoZdMNm1iyzc.png.jpeg */ = {isa = PBXFileReference; lastKnownFileType = image.jpeg; path = 3nS1AsBUpjD2nmhQqgRwQfozxPGPw8NgoZdMNm1iyzc.png.jpeg; sourceTree = "<group>"; };
/* End PBXFileReference section */

/* Begin PBXFrameworksBuildPhase section */
		6B91A48D24DC5CC1006E6426 /* Frameworks */ = {
			isa = PBXFrameworksBuildPhase;
			buildActionMask = 2147483647;
			files = (
			);
			runOnlyForDeploymentPostprocessing = 0;
		};
		6B91A4A324DC5CC3006E6426 /* Frameworks */ = {
			isa = PBXFrameworksBuildPhase;
			buildActionMask = 2147483647;
			files = (
			);
			runOnlyForDeploymentPostprocessing = 0;
		};
		6B91A4AE24DC5CC3006E6426 /* Frameworks */ = {
			isa = PBXFrameworksBuildPhase;
			buildActionMask = 2147483647;
			files = (
			);
			runOnlyForDeploymentPostprocessing = 0;
		};
/* End PBXFrameworksBuildPhase section */

/* Begin PBXGroup section */
		6B91A48724DC5CC1006E6426 = {
			isa = PBXGroup;
			children = (
				6B91A49224DC5CC1006E6426 /* Jalen_T_tabExercise */,
				6B91A4A924DC5CC3006E6426 /* Jalen_T_tabExerciseTests */,
				6B91A4B424DC5CC3006E6426 /* Jalen_T_tabExerciseUITests */,
				6B91A49124DC5CC1006E6426 /* Products */,
			);
			sourceTree = "<group>";
		};
		6B91A49124DC5CC1006E6426 /* Products */ = {
			isa = PBXGroup;
			children = (
				6B91A49024DC5CC1006E6426 /* Jalen_T_tabExercise.app */,
				6B91A4A624DC5CC3006E6426 /* Jalen_T_tabExerciseTests.xctest */,
				6B91A4B124DC5CC3006E6426 /* Jalen_T_tabExerciseUITests.xctest */,
			);
			name = Products;
			sourceTree = "<group>";
		};
		6B91A49224DC5CC1006E6426 /* Jalen_T_tabExercise */ = {
			isa = PBXGroup;
			children = (
				6B91A49324DC5CC1006E6426 /* AppDelegate.swift */,
				6B91A49524DC5CC1006E6426 /* SceneDelegate.swift */,
				6B91A49724DC5CC1006E6426 /* ViewController.swift */,
				6B91A49924DC5CC1006E6426 /* Main.storyboard */,
				6B91A4C324DC63A5006E6426 /* b5a92523244f9c6a727ba7e47ce2a4eac8ef675156a9b48081838aea5b9a14c8_1.jpg */,
				6B91A4C524DC63AD006E6426 /* t9o63fwiwq741.jpg */,
				6B91A4C724DC63E2006E6426 /* 3nS1AsBUpjD2nmhQqgRwQfozxPGPw8NgoZdMNm1iyzc.png.jpeg */,
				6B91A49C24DC5CC2006E6426 /* Assets.xcassets */,
				6B91A49E24DC5CC2006E6426 /* LaunchScreen.storyboard */,
				6B91A4A124DC5CC2006E6426 /* Info.plist */,
			);
			path = Jalen_T_tabExercise;
			sourceTree = "<group>";
		};
		6B91A4A924DC5CC3006E6426 /* Jalen_T_tabExerciseTests */ = {
			isa = PBXGroup;
			children = (
				6B91A4AA24DC5CC3006E6426 /* Jalen_T_tabExerciseTests.swift */,
				6B91A4AC24DC5CC3006E6426 /* Info.plist */,
			);
			path = Jalen_T_tabExerciseTests;
			sourceTree = "<group>";
		};
		6B91A4B424DC5CC3006E6426 /* Jalen_T_tabExerciseUITests */ = {
			isa = PBXGroup;
			children = (
				6B91A4B524DC5CC3006E6426 /* Jalen_T_tabExerciseUITests.swift */,
				6B91A4B724DC5CC3006E6426 /* Info.plist */,
			);
			path = Jalen_T_tabExerciseUITests;
			sourceTree = "<group>";
		};
/* End PBXGroup section */

/* Begin PBXNativeTarget section */
		6B91A48F24DC5CC1006E6426 /* Jalen_T_tabExercise */ = {
			isa = PBXNativeTarget;
			buildConfigurationList = 6B91A4BA24DC5CC3006E6426 /* Build configuration list for PBXNativeTarget "Jalen_T_tabExercise" */;
			buildPhases = (
				6B91A48C24DC5CC1006E6426 /* Sources */,
				6B91A48D24DC5CC1006E6426 /* Frameworks */,
				6B91A48E24DC5CC1006E6426 /* Resources */,
			);
			buildRules = (
			);
			dependencies = (
			);
			name = Jalen_T_tabExercise;
			productName = Jalen_T_tabExercise;
			productReference = 6B91A49024DC5CC1006E6426 /* Jalen_T_tabExercise.app */;
			productType = "com.apple.product-type.application";
		};
		6B91A4A524DC5CC3006E6426 /* Jalen_T_tabExerciseTests */ = {
			isa = PBXNativeTarget;
			buildConfigurationList = 6B91A4BD24DC5CC3006E6426 /* Build configuration list for PBXNativeTarget "Jalen_T_tabExerciseTests" */;
			buildPhases = (
				6B91A4A224DC5CC3006E6426 /* Sources */,
				6B91A4A324DC5CC3006E6426 /* Frameworks */,
				6B91A4A424DC5CC3006E6426 /* Resources */,
			);
			buildRules = (
			);
			dependencies = (
				6B91A4A824DC5CC3006E6426 /* PBXTargetDependency */,
			);
			name = Jalen_T_tabExerciseTests;
			productName = Jalen_T_tabExerciseTests;
			productReference = 6B91A4A624DC5CC3006E6426 /* Jalen_T_tabExerciseTests.xctest */;
			productType = "com.apple.product-type.bundle.unit-test";
		};
		6B91A4B024DC5CC3006E6426 /* Jalen_T_tabExerciseUITests */ = {
			isa = PBXNativeTarget;
			buildConfigurationList = 6B91A4C024DC5CC3006E6426 /* Build configuration list for PBXNativeTarget "Jalen_T_tabExerciseUITests" */;
			buildPhases = (
				6B91A4AD24DC5CC3006E6426 /* Sources */,
				6B91A4AE24DC5CC3006E6426 /* Frameworks */,
				6B91A4AF24DC5CC3006E6426 /* Resources */,
			);
			buildRules = (
			);
			dependencies = (
				6B91A4B324DC5CC3006E6426 /* PBXTargetDependency */,
			);
			name = Jalen_T_tabExerciseUITests;
			productName = Jalen_T_tabExerciseUITests;
			productReference = 6B91A4B124DC5CC3006E6426 /* Jalen_T_tabExerciseUITests.xctest */;
			productType = "com.apple.product-type.bundle.ui-testing";
		};
/* End PBXNativeTarget section */

/* Begin PBXProject section */
		6B91A48824DC5CC1006E6426 /* Project object */ = {
			isa = PBXProject;
			attributes = {
				LastSwiftUpdateCheck = 1130;
				LastUpgradeCheck = 1130;
				ORGANIZATIONNAME = "Jalen Taylor";
				TargetAttributes = {
					6B91A48F24DC5CC1006E6426 = {
						CreatedOnToolsVersion = 11.3.1;
					};
					6B91A4A524DC5CC3006E6426 = {
						CreatedOnToolsVersion = 11.3.1;
						TestTargetID = 6B91A48F24DC5CC1006E6426;
					};
					6B91A4B024DC5CC3006E6426 = {
						CreatedOnToolsVersion = 11.3.1;
						TestTargetID = 6B91A48F24DC5CC1006E6426;
					};
				};
			};
			buildConfigurationList = 6B91A48B24DC5CC1006E6426 /* Build configuration list for PBXProject "Jalen_T_tabExercise" */;
			compatibilityVersion = "Xcode 9.3";
			developmentRegion = en;
			hasScannedForEncodings = 0;
			knownRegions = (
				en,
				Base,
			);
			mainGroup = 6B91A48724DC5CC1006E6426;
			productRefGroup = 6B91A49124DC5CC1006E6426 /* Products */;
			projectDirPath = "";
			projectRoot = "";
			targets = (
				6B91A48F24DC5CC1006E6426 /* Jalen_T_tabExercise */,
				6B91A4A524DC5CC3006E6426 /* Jalen_T_tabExerciseTests */,
				6B91A4B024DC5CC3006E6426 /* Jalen_T_tabExerciseUITests */,
			);
		};
/* End PBXProject section */

/* Begin PBXResourcesBuildPhase section */
		6B91A48E24DC5CC1006E6426 /* Resources */ = {
			isa = PBXResourcesBuildPhase;
			buildActionMask = 2147483647;
			files = (
				6B91A4C424DC63A5006E6426 /* b5a92523244f9c6a727ba7e47ce2a4eac8ef675156a9b48081838aea5b9a14c8_1.jpg in Resources */,
				6B91A4C624DC63AD006E6426 /* t9o63fwiwq741.jpg in Resources */,
				6B91A4A024DC5CC2006E6426 /* LaunchScreen.storyboard in Resources */,
				6B91A49D24DC5CC2006E6426 /* Assets.xcassets in Resources */,
				6B91A4C824DC63E2006E6426 /* 3nS1AsBUpjD2nmhQqgRwQfozxPGPw8NgoZdMNm1iyzc.png.jpeg in Resources */,
				6B91A49B24DC5CC1006E6426 /* Main.storyboard in Resources */,
			);
			runOnlyForDeploymentPostprocessing = 0;
		};
		6B91A4A424DC5CC3006E6426 /* Resources */ = {
			isa = PBXResourcesBuildPhase;
			buildActionMask = 2147483647;
			files = (
			);
			runOnlyForDeploymentPostprocessing = 0;
		};
		6B91A4AF24DC5CC3006E6426 /* Resources */ = {
			isa = PBXResourcesBuildPhase;
			buildActionMask = 2147483647;
			files = (
			);
			runOnlyForDeploymentPostprocessing = 0;
		};
/* End PBXResourcesBuildPhase section */

/* Begin PBXSourcesBuildPhase section */
		6B91A48C24DC5CC1006E6426 /* Sources */ = {
			isa = PBXSourcesBuildPhase;
			buildActionMask = 2147483647;
			files = (
				6B91A49824DC5CC1006E6426 /* ViewController.swift in Sources */,
				6B91A49424DC5CC1006E6426 /* AppDelegate.swift in Sources */,
				6B91A49624DC5CC1006E6426 /* SceneDelegate.swift in Sources */,
			);
			runOnlyForDeploymentPostprocessing = 0;
		};
		6B91A4A224DC5CC3006E6426 /* Sources */ = {
			isa = PBXSourcesBuildPhase;
			buildActionMask = 2147483647;
			files = (
				6B91A4AB24DC5CC3006E6426 /* Jalen_T_tabExerciseTests.swift in Sources */,
			);
			runOnlyForDeploymentPostprocessing = 0;
		};
		6B91A4AD24DC5CC3006E6426 /* Sources */ = {
			isa = PBXSourcesBuildPhase;
			buildActionMask = 2147483647;
			files = (
				6B91A4B624DC5CC3006E6426 /* Jalen_T_tabExerciseUITests.swift in Sources */,
			);
			runOnlyForDeploymentPostprocessing = 0;
		};
/* End PBXSourcesBuildPhase section */

/* Begin PBXTargetDependency section */
		6B91A4A824DC5CC3006E6426 /* PBXTargetDependency */ = {
			isa = PBXTargetDependency;
			target = 6B91A48F24DC5CC1006E6426 /* Jalen_T_tabExercise */;
			targetProxy = 6B91A4A724DC5CC3006E6426 /* PBXContainerItemProxy */;
		};
		6B91A4B324DC5CC3006E6426 /* PBXTargetDependency */ = {
			isa = PBXTargetDependency;
			target = 6B91A48F24DC5CC1006E6426 /* Jalen_T_tabExercise */;
			targetProxy = 6B91A4B224DC5CC3006E6426 /* PBXContainerItemProxy */;
		};
/* End PBXTargetDependency section */

/* Begin PBXVariantGroup section */
		6B91A49924DC5CC1006E6426 /* Main.storyboard */ = {
			isa = PBXVariantGroup;
			children = (
				6B91A49A24DC5CC1006E6426 /* Base */,
			);
			name = Main.storyboard;
			sourceTree = "<group>";
		};
		6B91A49E24DC5CC2006E6426 /* LaunchScreen.storyboard */ = {
			isa = PBXVariantGroup;
			children = (
				6B91A49F24DC5CC2006E6426 /* Base */,
			);
			name = LaunchScreen.storyboard;
			sourceTree = "<group>";
		};
/* End PBXVariantGroup section */

/* Begin XCBuildConfiguration section */
		6B91A4B824DC5CC3006E6426 /* Debug */ = {
			isa = XCBuildConfiguration;
			buildSettings = {
				ALWAYS_SEARCH_USER_PATHS = NO;
				CLANG_ANALYZER_NONNULL = YES;
				CLANG_ANALYZER_NUMBER_OBJECT_CONVERSION = YES_AGGRESSIVE;
				CLANG_CXX_LANGUAGE_STANDARD = "gnu++14";
				CLANG_CXX_LIBRARY = "libc++";
				CLANG_ENABLE_MODULES = YES;
				CLANG_ENABLE_OBJC_ARC = YES;
				CLANG_ENABLE_OBJC_WEAK = YES;
				CLANG_WARN_BLOCK_CAPTURE_AUTORELEASING = YES;
				CLANG_WARN_BOOL_CONVERSION = YES;
				CLANG_WARN_COMMA = YES;
				CLANG_WARN_CONSTANT_CONVERSION = YES;
				CLANG_WARN_DEPRECATED_OBJC_IMPLEMENTATIONS = YES;
				CLANG_WARN_DIRECT_OBJC_ISA_USAGE = YES_ERROR;
				CLANG_WARN_DOCUMENTATION_COMMENTS = YES;
				CLANG_WARN_EMPTY_BODY = YES;
				CLANG_WARN_ENUM_CONVERSION = YES;
				CLANG_WARN_INFINITE_RECURSION = YES;
				CLANG_WARN_INT_CONVERSION = YES;
				CLANG_WARN_NON_LITERAL_NULL_CONVERSION = YES;
				CLANG_WARN_OBJC_IMPLICIT_RETAIN_SELF = YES;
				CLANG_WARN_OBJC_LITERAL_CONVERSION = YES;
				CLANG_WARN_OBJC_ROOT_CLASS = YES_ERROR;
				CLANG_WARN_RANGE_LOOP_ANALYSIS = YES;
				CLANG_WARN_STRICT_PROTOTYPES = YES;
				CLANG_WARN_SUSPICIOUS_MOVE = YES;
				CLANG_WARN_UNGUARDED_AVAILABILITY = YES_AGGRESSIVE;
				CLANG_WARN_UNREACHABLE_CODE = YES;
				CLANG_WARN__DUPLICATE_METHOD_MATCH = YES;
				COPY_PHASE_STRIP = NO;
				DEBUG_INFORMATION_FORMAT = dwarf;
				ENABLE_STRICT_OBJC_MSGSEND = YES;
				ENABLE_TESTABILITY = YES;
				GCC_C_LANGUAGE_STANDARD = gnu11;
				GCC_DYNAMIC_NO_PIC = NO;
				GCC_NO_COMMON_BLOCKS = YES;
				GCC_OPTIMIZATION_LEVEL = 0;
				GCC_PREPROCESSOR_DEFINITIONS = (
					"DEBUG=1",
					"$(inherited)",
				);
				GCC_WARN_64_TO_32_BIT_CONVERSION = YES;
				GCC_WARN_ABOUT_RETURN_TYPE = YES_ERROR;
				GCC_WARN_UNDECLARED_SELECTOR = YES;
				GCC_WARN_UNINITIALIZED_AUTOS = YES_AGGRESSIVE;
				GCC_WARN_UNUSED_FUNCTION = YES;
				GCC_WARN_UNUSED_VARIABLE = YES;
				IPHONEOS_DEPLOYMENT_TARGET = 13.2;
				MTL_ENABLE_DEBUG_INFO = INCLUDE_SOURCE;
				MTL_FAST_MATH = YES;
				ONLY_ACTIVE_ARCH = YES;
				SDKROOT = iphoneos;
				SWIFT_ACTIVE_COMPILATION_CONDITIONS = DEBUG;
				SWIFT_OPTIMIZATION_LEVEL = "-Onone";
			};
			name = Debug;
		};
		6B91A4B924DC5CC3006E6426 /* Release */ = {
			isa = XCBuildConfiguration;
			buildSettings = {
				ALWAYS_SEARCH_USER_PATHS = NO;
				CLANG_ANALYZER_NONNULL = YES;
				CLANG_ANALYZER_NUMBER_OBJECT_CONVERSION = YES_AGGRESSIVE;
				CLANG_CXX_LANGUAGE_STANDARD = "gnu++14";
				CLANG_CXX_LIBRARY = "libc++";
				CLANG_ENABLE_MODULES = YES;
				CLANG_ENABLE_OBJC_ARC = YES;
				CLANG_ENABLE_OBJC_WEAK = YES;
				CLANG_WARN_BLOCK_CAPTURE_AUTORELEASING = YES;
				CLANG_WARN_BOOL_CONVERSION = YES;
				CLANG_WARN_COMMA = YES;
				CLANG_WARN_CONSTANT_CONVERSION = YES;
				CLANG_WARN_DEPRECATED_OBJC_IMPLEMENTATIONS = YES;
				CLANG_WARN_DIRECT_OBJC_ISA_USAGE = YES_ERROR;
				CLANG_WARN_DOCUMENTATION_COMMENTS = YES;
				CLANG_WARN_EMPTY_BODY = YES;
				CLANG_WARN_ENUM_CONVERSION = YES;
				CLANG_WARN_INFINITE_RECURSION = YES;
				CLANG_WARN_INT_CONVERSION = YES;
				CLANG_WARN_NON_LITERAL_NULL_CONVERSION = YES;
				CLANG_WARN_OBJC_IMPLICIT_RETAIN_SELF = YES;
				CLANG_WARN_OBJC_LITERAL_CONVERSION = YES;
				CLANG_WARN_OBJC_ROOT_CLASS = YES_ERROR;
				CLANG_WARN_RANGE_LOOP_ANALYSIS = YES;
				CLANG_WARN_STRICT_PROTOTYPES = YES;
				CLANG_WARN_SUSPICIOUS_MOVE = YES;
				CLANG_WARN_UNGUARDED_AVAILABILITY = YES_AGGRESSIVE;
				CLANG_WARN_UNREACHABLE_CODE = YES;
				CLANG_WARN__DUPLICATE_METHOD_MATCH = YES;
				COPY_PHASE_STRIP = NO;
				DEBUG_INFORMATION_FORMAT = "dwarf-with-dsym";
				ENABLE_NS_ASSERTIONS = NO;
				ENABLE_STRICT_OBJC_MSGSEND = YES;
				GCC_C_LANGUAGE_STANDARD = gnu11;
				GCC_NO_COMMON_BLOCKS = YES;
				GCC_WARN_64_TO_32_BIT_CONVERSION = YES;
				GCC_WARN_ABOUT_RETURN_TYPE = YES_ERROR;
				GCC_WARN_UNDECLARED_SELECTOR = YES;
				GCC_WARN_UNINITIALIZED_AUTOS = YES_AGGRESSIVE;
				GCC_WARN_UNUSED_FUNCTION = YES;
				GCC_WARN_UNUSED_VARIABLE = YES;
				IPHONEOS_DEPLOYMENT_TARGET = 13.2;
				MTL_ENABLE_DEBUG_INFO = NO;
				MTL_FAST_MATH = YES;
				SDKROOT = iphoneos;
				SWIFT_COMPILATION_MODE = wholemodule;
				SWIFT_OPTIMIZATION_LEVEL = "-O";
				VALIDATE_PRODUCT = YES;
			};
			name = Release;
		};
		6B91A4BB24DC5CC3006E6426 /* Debug */ = {
			isa = XCBuildConfiguration;
			buildSettings = {
				ASSETCATALOG_COMPILER_APPICON_NAME = AppIcon;
				CODE_SIGN_STYLE = Automatic;
				INFOPLIST_FILE = Jalen_T_tabExercise/Info.plist;
				LD_RUNPATH_SEARCH_PATHS = (
					"$(inherited)",
					"@executable_path/Frameworks",
				);
				PRODUCT_BUNDLE_IDENTIFIER = "JT.Jalen-T-tabExercise";
				PRODUCT_NAME = "$(TARGET_NAME)";
				SWIFT_VERSION = 5.0;
				TARGETED_DEVICE_FAMILY = "1,2";
			};
			name = Debug;
		};
		6B91A4BC24DC5CC3006E6426 /* Release */ = {
			isa = XCBuildConfiguration;
			buildSettings = {
				ASSETCATALOG_COMPILER_APPICON_NAME = AppIcon;
				CODE_SIGN_STYLE = Automatic;
				INFOPLIST_FILE = Jalen_T_tabExercise/Info.plist;
				LD_RUNPATH_SEARCH_PATHS = (
					"$(inherited)",
					"@executable_path/Frameworks",
				);
				PRODUCT_BUNDLE_IDENTIFIER = "JT.Jalen-T-tabExercise";
				PRODUCT_NAME = "$(TARGET_NAME)";
				SWIFT_VERSION = 5.0;
				TARGETED_DEVICE_FAMILY = "1,2";
			};
			name = Release;
		};
		6B91A4BE24DC5CC3006E6426 /* Debug */ = {
			isa = XCBuildConfiguration;
			buildSettings = {
				ALWAYS_EMBED_SWIFT_STANDARD_LIBRARIES = YES;
				BUNDLE_LOADER = "$(TEST_HOST)";
				CODE_SIGN_STYLE = Automatic;
				INFOPLIST_FILE = Jalen_T_tabExerciseTests/Info.plist;
				IPHONEOS_DEPLOYMENT_TARGET = 13.2;
				LD_RUNPATH_SEARCH_PATHS = (
					"$(inherited)",
					"@executable_path/Frameworks",
					"@loader_path/Frameworks",
				);
				PRODUCT_BUNDLE_IDENTIFIER = "JT.Jalen-T-tabExerciseTests";
				PRODUCT_NAME = "$(TARGET_NAME)";
				SWIFT_VERSION = 5.0;
				TARGETED_DEVICE_FAMILY = "1,2";
				TEST_HOST = "$(BUILT_PRODUCTS_DIR)/Jalen_T_tabExercise.app/Jalen_T_tabExercise";
			};
			name = Debug;
		};
		6B91A4BF24DC5CC3006E6426 /* Release */ = {
			isa = XCBuildConfiguration;
			buildSettings = {
				ALWAYS_EMBED_SWIFT_STANDARD_LIBRARIES = YES;
				BUNDLE_LOADER = "$(TEST_HOST)";
				CODE_SIGN_STYLE = Automatic;
				INFOPLIST_FILE = Jalen_T_tabExerciseTests/Info.plist;
				IPHONEOS_DEPLOYMENT_TARGET = 13.2;
				LD_RUNPATH_SEARCH_PATHS = (
					"$(inherited)",
					"@executable_path/Frameworks",
					"@loader_path/Frameworks",
				);
				PRODUCT_BUNDLE_IDENTIFIER = "JT.Jalen-T-tabExerciseTests";
				PRODUCT_NAME = "$(TARGET_NAME)";
				SWIFT_VERSION = 5.0;
				TARGETED_DEVICE_FAMILY = "1,2";
				TEST_HOST = "$(BUILT_PRODUCTS_DIR)/Jalen_T_tabExercise.app/Jalen_T_tabExercise";
			};
			name = Release;
		};
		6B91A4C124DC5CC3006E6426 /* Debug */ = {
			isa = XCBuildConfiguration;
			buildSettings = {
				ALWAYS_EMBED_SWIFT_STANDARD_LIBRARIES = YES;
				CODE_SIGN_STYLE = Automatic;
				INFOPLIST_FILE = Jalen_T_tabExerciseUITests/Info.plist;
				LD_RUNPATH_SEARCH_PATHS = (
					"$(inherited)",
					"@executable_path/Frameworks",
					"@loader_path/Frameworks",
				);
				PRODUCT_BUNDLE_IDENTIFIER = "JT.Jalen-T-tabExerciseUITests";
				PRODUCT_NAME = "$(TARGET_NAME)";
				SWIFT_VERSION = 5.0;
				TARGETED_DEVICE_FAMILY = "1,2";
				TEST_TARGET_NAME = Jalen_T_tabExercise;
			};
			name = Debug;
		};
		6B91A4C224DC5CC3006E6426 /* Release */ = {
			isa = XCBuildConfiguration;
			buildSettings = {
				ALWAYS_EMBED_SWIFT_STANDARD_LIBRARIES = YES;
				CODE_SIGN_STYLE = Automatic;
				INFOPLIST_FILE = Jalen_T_tabExerciseUITests/Info.plist;
				LD_RUNPATH_SEARCH_PATHS = (
					"$(inherited)",
					"@executable_path/Frameworks",
					"@loader_path/Frameworks",
				);
				PRODUCT_BUNDLE_IDENTIFIER = "JT.Jalen-T-tabExerciseUITests";
				PRODUCT_NAME = "$(TARGET_NAME)";
				SWIFT_VERSION = 5.0;
				TARGETED_DEVICE_FAMILY = "1,2";
				TEST_TARGET_NAME = Jalen_T_tabExercise;
			};
			name = Release;
		};
/* End XCBuildConfiguration section */

/* Begin XCConfigurationList section */
		6B91A48B24DC5CC1006E6426 /* Build configuration list for PBXProject "Jalen_T_tabExercise" */ = {
			isa = XCConfigurationList;
			buildConfigurations = (
				6B91A4B824DC5CC3006E6426 /* Debug */,
				6B91A4B924DC5CC3006E6426 /* Release */,
			);
			defaultConfigurationIsVisible = 0;
			defaultConfigurationName = Release;
		};
		6B91A4BA24DC5CC3006E6426 /* Build configuration list for PBXNativeTarget "Jalen_T_tabExercise" */ = {
			isa = XCConfigurationList;
			buildConfigurations = (
				6B91A4BB24DC5CC3006E6426 /* Debug */,
				6B91A4BC24DC5CC3006E6426 /* Release */,
			);
			defaultConfigurationIsVisible = 0;
			defaultConfigurationName = Release;
		};
		6B91A4BD24DC5CC3006E6426 /* Build configuration list for PBXNativeTarget "Jalen_T_tabExerciseTests" */ = {
			isa = XCConfigurationList;
			buildConfigurations = (
				6B91A4BE24DC5CC3006E6426 /* Debug */,
				6B91A4BF24DC5CC3006E6426 /* Release */,
			);
			defaultConfigurationIsVisible = 0;
			defaultConfigurationName = Release;
		};
		6B91A4C024DC5CC3006E6426 /* Build configuration list for PBXNativeTarget "Jalen_T_tabExerciseUITests" */ = {
			isa = XCConfigurationList;
			buildConfigurations = (
				6B91A4C124DC5CC3006E6426 /* Debug */,
				6B91A4C224DC5CC3006E6426 /* Release */,
			);
			defaultConfigurationIsVisible = 0;
			defaultConfigurationName = Release;
		};
/* End XCConfigurationList section */
	};
	rootObject = 6B91A48824DC5CC1006E6426 /* Project object */;
}
